
Microsoft Visual Studio Solution File, Format Version 12.00
# Visual Studio Version 17
VisualStudioVersion = 17.13.35919.96 d17.13
MinimumVisualStudioVersion = 10.0.40219.1
Project("{FAE04EC0-301F-11D3-BF4B-00C04F79EFBC}") = "SinglePendulum", "SinglePendulum\SinglePendulum.csproj", "{CF1E349D-C1F9-4BD8-8F63-E9CA674CD0D2}"
EndProject
Global
	GlobalSection(SolutionConfigurationPlatforms) = preSolution
		Debug|Any CPU = Debug|Any CPU
		Release|Any CPU = Release|Any CPU
	EndGlobalSection
	GlobalSection(ProjectConfigurationPlatforms) = postSolution
		{CF1E349D-C1F9-4BD8-8F63-E9CA674CD0D2}.Debug|Any CPU.ActiveCfg = Debug|Any CPU
		{CF1E349D-C1F9-4BD8-8F63-E9CA674CD0D2}.Debug|Any CPU.Build.0 = Debug|Any CPU
		{CF1E349D-C1F9-4BD8-8F63-E9CA674CD0D2}.Release|Any CPU.ActiveCfg = Release|Any CPU
		{CF1E349D-C1F9-4BD8-8F63-E9CA674CD0D2}.Release|Any CPU.Build.0 = Release|Any CPU
	EndGlobalSection
	GlobalSection(SolutionProperties) = preSolution
		HideSolutionNode = FALSE
	EndGlobalSection
	GlobalSection(ExtensibilityGlobals) = postSolution
		SolutionGuid = {18F68C6C-2A74-43F6-A34E-97FFF3EE78B9}
	EndGlobalSection
EndGlobal
